
Microsoft Visual Studio Solution File, Format Version 12.00
# Visual Studio Version 17
VisualStudioVersion = 17.3.32819.101
MinimumVisualStudioVersion = 10.0.40219.1
Project("{FAE04EC0-301F-11D3-BF4B-00C04F79EFBC}") = "CourseProject_RobinHarris", "CourseProject_RobinHarris\CourseProject_RobinHarris.csproj", "{25B76364-9EB6-4819-927A-8FAAE23456AD}"
EndProject
Global
	GlobalSection(SolutionConfigurationPlatforms) = preSolution
		Debug|Any CPU = Debug|Any CPU
		Release|Any CPU = Release|Any CPU
	EndGlobalSection
	GlobalSection(ProjectConfigurationPlatforms) = postSolution
		{25B76364-9EB6-4819-927A-8FAAE23456AD}.Debug|Any CPU.ActiveCfg = Debug|Any CPU
		{25B76364-9EB6-4819-927A-8FAAE23456AD}.Debug|Any CPU.Build.0 = Debug|Any CPU
		{25B76364-9EB6-4819-927A-8FAAE23456AD}.Release|Any CPU.ActiveCfg = Release|Any CPU
		{25B76364-9EB6-4819-927A-8FAAE23456AD}.Release|Any CPU.Build.0 = Release|Any CPU
	EndGlobalSection
	GlobalSection(SolutionProperties) = preSolution
		HideSolutionNode = FALSE
	EndGlobalSection
	GlobalSection(ExtensibilityGlobals) = postSolution
		SolutionGuid = {A1ED994C-D17D-455A-9CD7-0377D7FB54B5}
	EndGlobalSection
EndGlobal
